PODS:
  - Cosmos (18.0.1)
  - Realm (2.8.3):
    - Realm/Headers (= 2.8.3)
  - Realm/Headers (2.8.3)
  - RealmSwift (2.8.3):
    - Realm (= 2.8.3)

DEPENDENCIES:
  - Cosmos (~> 18.0)
  - RealmSwift

SPEC REPOS:
  https://github.com/cocoapods/specs.git:
    - Cosmos
    - Realm
    - RealmSwift

SPEC CHECKSUMS:
  Cosmos: 7dfaa3f52584ca5f94ab74b5c2e264019cc9f7f5
  Realm: 3601ef091c8c499a31101d8563b991e75546cdce
  RealmSwift: 8183818515471b01a99abdd2970f8e4fd52b6f4a

PODFILE CHECKSUM: 48397cf3e03f3b8cfa187e60bc819fd990b3b55e

COCOAPODS: 1.5.3
