// !$*UTF8*$!
{
	archiveVersion = 1;
	classes = {
	};
	objectVersion = 46;
	objects = {

/* Begin PBXBuildFile section */
		1D05444F1BD41BEB8C25A57D /* Pods_CocktailPartyUITests.framework in Frameworks */ = {isa = PBXBuildFile; fileRef = ECF5B955C5A1EE9608B6AE53 /* Pods_CocktailPartyUITests.framework */; };
		382BDC1B1FB2E88500EEAE45 /* NewCocktailViewController.swift in Sources */ = {isa = PBXBuildFile; fileRef = 382BDC1A1FB2E88500EEAE45 /* NewCocktailViewController.swift */; };
		38F03D551FB190B7009A4D12 /* OriginalTabBarController.swift in Sources */ = {isa = PBXBuildFile; fileRef = 38F03D541FB190B7009A4D12 /* OriginalTabBarController.swift */; };
		6386D9D81FA08A6636F552B0 /* Pods_CocktailPartyTests.framework in Frameworks */ = {isa = PBXBuildFile; fileRef = BC70C9919FF940DCD87AF061 /* Pods_CocktailPartyTests.framework */; };
		72880C651EB764C800EBADFB /* AppDelegate.swift in Sources */ = {isa = PBXBuildFile; fileRef = 72880C641EB764C800EBADFB /* AppDelegate.swift */; };
		72880C671EB764C800EBADFB /* CocktailListViewController.swift in Sources */ = {isa = PBXBuildFile; fileRef = 72880C661EB764C800EBADFB /* CocktailListViewController.swift */; };
		72880C691EB764C800EBADFB /* InfomationViewController.swift in Sources */ = {isa = PBXBuildFile; fileRef = 72880C681EB764C800EBADFB /* InfomationViewController.swift */; };
		72880C6C1EB764C800EBADFB /* Main.storyboard in Resources */ = {isa = PBXBuildFile; fileRef = 72880C6A1EB764C800EBADFB /* Main.storyboard */; };
		72880C6E1EB764C800EBADFB /* Assets.xcassets in Resources */ = {isa = PBXBuildFile; fileRef = 72880C6D1EB764C800EBADFB /* Assets.xcassets */; };
		72880C711EB764C800EBADFB /* LaunchScreen.storyboard in Resources */ = {isa = PBXBuildFile; fileRef = 72880C6F1EB764C800EBADFB /* LaunchScreen.storyboard */; };
		72880C7C1EB764C900EBADFB /* CocktailPartyTests.swift in Sources */ = {isa = PBXBuildFile; fileRef = 72880C7B1EB764C900EBADFB /* CocktailPartyTests.swift */; };
		72880C871EB764C900EBADFB /* CocktailPartyUITests.swift in Sources */ = {isa = PBXBuildFile; fileRef = 72880C861EB764C900EBADFB /* CocktailPartyUITests.swift */; };
		83AAE058285C4BAF460BCEF4 /* Pods_CocktailParty.framework in Frameworks */ = {isa = PBXBuildFile; fileRef = 267D4F68BD121F3E11FB8C50 /* Pods_CocktailParty.framework */; };
/* End PBXBuildFile section */

/* Begin PBXContainerItemProxy section */
		72880C781EB764C800EBADFB /* PBXContainerItemProxy */ = {
			isa = PBXContainerItemProxy;
			containerPortal = 72880C591EB764C800EBADFB /* Project object */;
			proxyType = 1;
			remoteGlobalIDString = 72880C601EB764C800EBADFB;
			remoteInfo = CocktailParty;
		};
		72880C831EB764C900EBADFB /* PBXContainerItemProxy */ = {
			isa = PBXContainerItemProxy;
			containerPortal = 72880C591EB764C800EBADFB /* Project object */;
			proxyType = 1;
			remoteGlobalIDString = 72880C601EB764C800EBADFB;
			remoteInfo = CocktailParty;
		};
/* End PBXContainerItemProxy section */

/* Begin PBXFileReference section */
		267D4F68BD121F3E11FB8C50 /* Pods_CocktailParty.framework */ = {isa = PBXFileReference; explicitFileType = wrapper.framework; includeInIndex = 0; path = Pods_CocktailParty.framework; sourceTree = BUILT_PRODUCTS_DIR; };
		2C5E5F9533DF3E2BFEA28220 /* Pods-CocktailPartyUITests.debug.xcconfig */ = {isa = PBXFileReference; includeInIndex = 1; lastKnownFileType = text.xcconfig; name = "Pods-CocktailPartyUITests.debug.xcconfig"; path = "Pods/Target Support Files/Pods-CocktailPartyUITests/Pods-CocktailPartyUITests.debug.xcconfig"; sourceTree = "<group>"; };
		2DC45B30575DBC8AD3E0FE67 /* Pods-CocktailPartyUITests.release.xcconfig */ = {isa = PBXFileReference; includeInIndex = 1; lastKnownFileType = text.xcconfig; name = "Pods-CocktailPartyUITests.release.xcconfig"; path = "Pods/Target Support Files/Pods-CocktailPartyUITests/Pods-CocktailPartyUITests.release.xcconfig"; sourceTree = "<group>"; };
		382BDC1A1FB2E88500EEAE45 /* NewCocktailViewController.swift */ = {isa = PBXFileReference; fileEncoding = 4; lastKnownFileType = sourcecode.swift; path = NewCocktailViewController.swift; sourceTree = "<group>"; };
		38F03D541FB190B7009A4D12 /* OriginalTabBarController.swift */ = {isa = PBXFileReference; fileEncoding = 4; lastKnownFileType = sourcecode.swift; path = OriginalTabBarController.swift; sourceTree = "<group>"; };
		56EDCB99BA736CA406D53B6B /* Pods-CocktailParty.debug.xcconfig */ = {isa = PBXFileReference; includeInIndex = 1; lastKnownFileType = text.xcconfig; name = "Pods-CocktailParty.debug.xcconfig"; path = "Pods/Target Support Files/Pods-CocktailParty/Pods-CocktailParty.debug.xcconfig"; sourceTree = "<group>"; };
		72880C611EB764C800EBADFB /* CocktailParty.app */ = {isa = PBXFileReference; explicitFileType = wrapper.application; includeInIndex = 0; path = CocktailParty.app; sourceTree = BUILT_PRODUCTS_DIR; };
		72880C641EB764C800EBADFB /* AppDelegate.swift */ = {isa = PBXFileReference; lastKnownFileType = sourcecode.swift; path = AppDelegate.swift; sourceTree = "<group>"; };
		72880C661EB764C800EBADFB /* CocktailListViewController.swift */ = {isa = PBXFileReference; lastKnownFileType = sourcecode.swift; path = CocktailListViewController.swift; sourceTree = "<group>"; };
		72880C681EB764C800EBADFB /* InfomationViewController.swift */ = {isa = PBXFileReference; lastKnownFileType = sourcecode.swift; path = InfomationViewController.swift; sourceTree = "<group>"; };
		72880C6B1EB764C800EBADFB /* Base */ = {isa = PBXFileReference; lastKnownFileType = file.storyboard; name = Base; path = Base.lproj/Main.storyboard; sourceTree = "<group>"; };
		72880C6D1EB764C800EBADFB /* Assets.xcassets */ = {isa = PBXFileReference; lastKnownFileType = folder.assetcatalog; path = Assets.xcassets; sourceTree = "<group>"; };
		72880C701EB764C800EBADFB /* Base */ = {isa = PBXFileReference; lastKnownFileType = file.storyboard; name = Base; path = Base.lproj/LaunchScreen.storyboard; sourceTree = "<group>"; };
		72880C721EB764C800EBADFB /* Info.plist */ = {isa = PBXFileReference; lastKnownFileType = text.plist.xml; path = Info.plist; sourceTree = "<group>"; };
		72880C771EB764C800EBADFB /* CocktailPartyTests.xctest */ = {isa = PBXFileReference; explicitFileType = wrapper.cfbundle; includeInIndex = 0; path = CocktailPartyTests.xctest; sourceTree = BUILT_PRODUCTS_DIR; };
		72880C7B1EB764C900EBADFB /* CocktailPartyTests.swift */ = {isa = PBXFileReference; lastKnownFileType = sourcecode.swift; path = CocktailPartyTests.swift; sourceTree = "<group>"; };
		72880C7D1EB764C900EBADFB /* Info.plist */ = {isa = PBXFileReference; lastKnownFileType = text.plist.xml; path = Info.plist; sourceTree = "<group>"; };
		72880C821EB764C900EBADFB /* CocktailPartyUITests.xctest */ = {isa = PBXFileReference; explicitFileType = wrapper.cfbundle; includeInIndex = 0; path = CocktailPartyUITests.xctest; sourceTree = BUILT_PRODUCTS_DIR; };
		72880C861EB764C900EBADFB /* CocktailPartyUITests.swift */ = {isa = PBXFileReference; lastKnownFileType = sourcecode.swift; path = CocktailPartyUITests.swift; sourceTree = "<group>"; };
		72880C881EB764C900EBADFB /* Info.plist */ = {isa = PBXFileReference; lastKnownFileType = text.plist.xml; path = Info.plist; sourceTree = "<group>"; };
		9A6E29000F43AC8E6613FC42 /* Pods-CocktailPartyTests.release.xcconfig */ = {isa = PBXFileReference; includeInIndex = 1; lastKnownFileType = text.xcconfig; name = "Pods-CocktailPartyTests.release.xcconfig"; path = "Pods/Target Support Files/Pods-CocktailPartyTests/Pods-CocktailPartyTests.release.xcconfig"; sourceTree = "<group>"; };
		A4168D0EA454E67E39AFF846 /* Pods-CocktailPartyTests.debug.xcconfig */ = {isa = PBXFileReference; includeInIndex = 1; lastKnownFileType = text.xcconfig; name = "Pods-CocktailPartyTests.debug.xcconfig"; path = "Pods/Target Support Files/Pods-CocktailPartyTests/Pods-CocktailPartyTests.debug.xcconfig"; sourceTree = "<group>"; };
		BC70C9919FF940DCD87AF061 /* Pods_CocktailPartyTests.framework */ = {isa = PBXFileReference; explicitFileType = wrapper.framework; includeInIndex = 0; path = Pods_CocktailPartyTests.framework; sourceTree = BUILT_PRODUCTS_DIR; };
		E26C2493D59F469E7E7813FD /* Pods-CocktailParty.release.xcconfig */ = {isa = PBXFileReference; includeInIndex = 1; lastKnownFileType = text.xcconfig; name = "Pods-CocktailParty.release.xcconfig"; path = "Pods/Target Support Files/Pods-CocktailParty/Pods-CocktailParty.release.xcconfig"; sourceTree = "<group>"; };
		ECF5B955C5A1EE9608B6AE53 /* Pods_CocktailPartyUITests.framework */ = {isa = PBXFileReference; explicitFileType = wrapper.framework; includeInIndex = 0; path = Pods_CocktailPartyUITests.framework; sourceTree = BUILT_PRODUCTS_DIR; };
/* End PBXFileReference section */

/* Begin PBXFrameworksBuildPhase section */
		72880C5E1EB764C800EBADFB /* Frameworks */ = {
			isa = PBXFrameworksBuildPhase;
			buildActionMask = 2147483647;
			files = (
				83AAE058285C4BAF460BCEF4 /* Pods_CocktailParty.framework in Frameworks */,
			);
			runOnlyForDeploymentPostprocessing = 0;
		};
		72880C741EB764C800EBADFB /* Frameworks */ = {
			isa = PBXFrameworksBuildPhase;
			buildActionMask = 2147483647;
			files = (
				6386D9D81FA08A6636F552B0 /* Pods_CocktailPartyTests.framework in Frameworks */,
			);
			runOnlyForDeploymentPostprocessing = 0;
		};
		72880C7F1EB764C900EBADFB /* Frameworks */ = {
			isa = PBXFrameworksBuildPhase;
			buildActionMask = 2147483647;
			files = (
				1D05444F1BD41BEB8C25A57D /* Pods_CocktailPartyUITests.framework in Frameworks */,
			);
			runOnlyForDeploymentPostprocessing = 0;
		};
/* End PBXFrameworksBuildPhase section */

/* Begin PBXGroup section */
		387537ED1FB42BAB003C16B6 /* ViewControllers */ = {
			isa = PBXGroup;
			children = (
				38F03D541FB190B7009A4D12 /* OriginalTabBarController.swift */,
				72880C661EB764C800EBADFB /* CocktailListViewController.swift */,
				72880C681EB764C800EBADFB /* InfomationViewController.swift */,
				382BDC1A1FB2E88500EEAE45 /* NewCocktailViewController.swift */,
			);
			path = ViewControllers;
			sourceTree = "<group>";
		};
		387537EE1FB42BD3003C16B6 /* Databases */ = {
			isa = PBXGroup;
			children = (
			);
			path = Databases;
			sourceTree = "<group>";
		};
		3F4A32DDA2437AFCA4D71779 /* Frameworks */ = {
			isa = PBXGroup;
			children = (
				267D4F68BD121F3E11FB8C50 /* Pods_CocktailParty.framework */,
				BC70C9919FF940DCD87AF061 /* Pods_CocktailPartyTests.framework */,
				ECF5B955C5A1EE9608B6AE53 /* Pods_CocktailPartyUITests.framework */,
			);
			name = Frameworks;
			sourceTree = "<group>";
		};
		72880C581EB764C800EBADFB = {
			isa = PBXGroup;
			children = (
				72880C631EB764C800EBADFB /* CocktailParty */,
				72880C7A1EB764C800EBADFB /* CocktailPartyTests */,
				72880C851EB764C900EBADFB /* CocktailPartyUITests */,
				72880C621EB764C800EBADFB /* Products */,
				B8BDCD222E4BEBE232E79E96 /* Pods */,
				3F4A32DDA2437AFCA4D71779 /* Frameworks */,
			);
			sourceTree = "<group>";
		};
		72880C621EB764C800EBADFB /* Products */ = {
			isa = PBXGroup;
			children = (
				72880C611EB764C800EBADFB /* CocktailParty.app */,
				72880C771EB764C800EBADFB /* CocktailPartyTests.xctest */,
				72880C821EB764C900EBADFB /* CocktailPartyUITests.xctest */,
			);
			name = Products;
			sourceTree = "<group>";
		};
		72880C631EB764C800EBADFB /* CocktailParty */ = {
			isa = PBXGroup;
			children = (
				72880C641EB764C800EBADFB /* AppDelegate.swift */,
				387537ED1FB42BAB003C16B6 /* ViewControllers */,
				387537EE1FB42BD3003C16B6 /* Databases */,
				72880C6D1EB764C800EBADFB /* Assets.xcassets */,
				72880C6A1EB764C800EBADFB /* Main.storyboard */,
				72880C6F1EB764C800EBADFB /* LaunchScreen.storyboard */,
				72880C721EB764C800EBADFB /* Info.plist */,
			);
			path = CocktailParty;
			sourceTree = "<group>";
		};
		72880C7A1EB764C800EBADFB /* CocktailPartyTests */ = {
			isa = PBXGroup;
			children = (
				72880C7B1EB764C900EBADFB /* CocktailPartyTests.swift */,
				72880C7D1EB764C900EBADFB /* Info.plist */,
			);
			path = CocktailPartyTests;
			sourceTree = "<group>";
		};
		72880C851EB764C900EBADFB /* CocktailPartyUITests */ = {
			isa = PBXGroup;
			children = (
				72880C861EB764C900EBADFB /* CocktailPartyUITests.swift */,
				72880C881EB764C900EBADFB /* Info.plist */,
			);
			path = CocktailPartyUITests;
			sourceTree = "<group>";
		};
		B8BDCD222E4BEBE232E79E96 /* Pods */ = {
			isa = PBXGroup;
			children = (
				56EDCB99BA736CA406D53B6B /* Pods-CocktailParty.debug.xcconfig */,
				E26C2493D59F469E7E7813FD /* Pods-CocktailParty.release.xcconfig */,
				A4168D0EA454E67E39AFF846 /* Pods-CocktailPartyTests.debug.xcconfig */,
				9A6E29000F43AC8E6613FC42 /* Pods-CocktailPartyTests.release.xcconfig */,
				2C5E5F9533DF3E2BFEA28220 /* Pods-CocktailPartyUITests.debug.xcconfig */,
				2DC45B30575DBC8AD3E0FE67 /* Pods-CocktailPartyUITests.release.xcconfig */,
			);
			name = Pods;
			sourceTree = "<group>";
		};
/* End PBXGroup section */

/* Begin PBXNativeTarget section */
		72880C601EB764C800EBADFB /* CocktailParty */ = {
			isa = PBXNativeTarget;
			buildConfigurationList = 72880C8B1EB764C900EBADFB /* Build configuration list for PBXNativeTarget "CocktailParty" */;
			buildPhases = (
				4E8F3A9D7BEE5D0A813A4CA5 /* [CP] Check Pods Manifest.lock */,
				72880C5D1EB764C800EBADFB /* Sources */,
				72880C5E1EB764C800EBADFB /* Frameworks */,
				72880C5F1EB764C800EBADFB /* Resources */,
				99B48516DEF04984262C51AA /* [CP] Embed Pods Frameworks */,
				63DCF5DF966CC860BB6F94E6 /* [CP] Copy Pods Resources */,
			);
			buildRules = (
			);
			dependencies = (
			);
			name = CocktailParty;
			productName = CocktailParty;
			productReference = 72880C611EB764C800EBADFB /* CocktailParty.app */;
			productType = "com.apple.product-type.application";
		};
		72880C761EB764C800EBADFB /* CocktailPartyTests */ = {
			isa = PBXNativeTarget;
			buildConfigurationList = 72880C8E1EB764C900EBADFB /* Build configuration list for PBXNativeTarget "CocktailPartyTests" */;
			buildPhases = (
				4195F598216691712945494F /* [CP] Check Pods Manifest.lock */,
				72880C731EB764C800EBADFB /* Sources */,
				72880C741EB764C800EBADFB /* Frameworks */,
				72880C751EB764C800EBADFB /* Resources */,
				BFA1ED795E87066F844B3901 /* [CP] Embed Pods Frameworks */,
				66A5FEB3F5A9AD624007FA5C /* [CP] Copy Pods Resources */,
			);
			buildRules = (
			);
			dependencies = (
				72880C791EB764C800EBADFB /* PBXTargetDependency */,
			);
			name = CocktailPartyTests;
			productName = CocktailPartyTests;
			productReference = 72880C771EB764C800EBADFB /* CocktailPartyTests.xctest */;
			productType = "com.apple.product-type.bundle.unit-test";
		};
		72880C811EB764C900EBADFB /* CocktailPartyUITests */ = {
			isa = PBXNativeTarget;
			buildConfigurationList = 72880C911EB764C900EBADFB /* Build configuration list for PBXNativeTarget "CocktailPartyUITests" */;
			buildPhases = (
				9307D89434388C7E1AEECC2F /* [CP] Check Pods Manifest.lock */,
				72880C7E1EB764C900EBADFB /* Sources */,
				72880C7F1EB764C900EBADFB /* Frameworks */,
				72880C801EB764C900EBADFB /* Resources */,
				5CBB0B4A601A518AA2B28AAF /* [CP] Embed Pods Frameworks */,
				D33744438D16259B073E33E5 /* [CP] Copy Pods Resources */,
			);
			buildRules = (
			);
			dependencies = (
				72880C841EB764C900EBADFB /* PBXTargetDependency */,
			);
			name = CocktailPartyUITests;
			productName = CocktailPartyUITests;
			productReference = 72880C821EB764C900EBADFB /* CocktailPartyUITests.xctest */;
			productType = "com.apple.product-type.bundle.ui-testing";
		};
/* End PBXNativeTarget section */

/* Begin PBXProject section */
		72880C591EB764C800EBADFB /* Project object */ = {
			isa = PBXProject;
			attributes = {
				LastSwiftUpdateCheck = 0830;
				LastUpgradeCheck = 0830;
				ORGANIZATIONNAME = wknar;
				TargetAttributes = {
					72880C601EB764C800EBADFB = {
						CreatedOnToolsVersion = 8.3.2;
						DevelopmentTeam = 79BW4NWXHJ;
						ProvisioningStyle = Automatic;
					};
					72880C761EB764C800EBADFB = {
						CreatedOnToolsVersion = 8.3.2;
						DevelopmentTeam = 79BW4NWXHJ;
						ProvisioningStyle = Automatic;
						TestTargetID = 72880C601EB764C800EBADFB;
					};
					72880C811EB764C900EBADFB = {
						CreatedOnToolsVersion = 8.3.2;
						DevelopmentTeam = 79BW4NWXHJ;
						ProvisioningStyle = Automatic;
						TestTargetID = 72880C601EB764C800EBADFB;
					};
				};
			};
			buildConfigurationList = 72880C5C1EB764C800EBADFB /* Build configuration list for PBXProject "CocktailParty" */;
			compatibilityVersion = "Xcode 3.2";
			developmentRegion = English;
			hasScannedForEncodings = 0;
			knownRegions = (
				en,
				Base,
			);
			mainGroup = 72880C581EB764C800EBADFB;
			productRefGroup = 72880C621EB764C800EBADFB /* Products */;
			projectDirPath = "";
			projectRoot = "";
			targets = (
				72880C601EB764C800EBADFB /* CocktailParty */,
				72880C761EB764C800EBADFB /* CocktailPartyTests */,
				72880C811EB764C900EBADFB /* CocktailPartyUITests */,
			);
		};
/* End PBXProject section */

/* Begin PBXResourcesBuildPhase section */
		72880C5F1EB764C800EBADFB /* Resources */ = {
			isa = PBXResourcesBuildPhase;
			buildActionMask = 2147483647;
			files = (
				72880C711EB764C800EBADFB /* LaunchScreen.storyboard in Resources */,
				72880C6E1EB764C800EBADFB /* Assets.xcassets in Resources */,
				72880C6C1EB764C800EBADFB /* Main.storyboard in Resources */,
			);
			runOnlyForDeploymentPostprocessing = 0;
		};
		72880C751EB764C800EBADFB /* Resources */ = {
			isa = PBXResourcesBuildPhase;
			buildActionMask = 2147483647;
			files = (
			);
			runOnlyForDeploymentPostprocessing = 0;
		};
		72880C801EB764C900EBADFB /* Resources */ = {
			isa = PBXResourcesBuildPhase;
			buildActionMask = 2147483647;
			files = (
			);
			runOnlyForDeploymentPostprocessing = 0;
		};
/* End PBXResourcesBuildPhase section */

/* Begin PBXShellScriptBuildPhase section */
		4195F598216691712945494F /* [CP] Check Pods Manifest.lock */ = {
			isa = PBXShellScriptBuildPhase;
			buildActionMask = 2147483647;
			files = (
			);
			inputPaths = (
			);
			name = "[CP] Check Pods Manifest.lock";
			outputPaths = (
			);
			runOnlyForDeploymentPostprocessing = 0;
			shellPath = /bin/sh;
			shellScript = "diff \"${PODS_ROOT}/../Podfile.lock\" \"${PODS_ROOT}/Manifest.lock\" > /dev/null\nif [ $? != 0 ] ; then\n    # print error to STDERR\n    echo \"error: The sandbox is not in sync with the Podfile.lock. Run 'pod install' or update your CocoaPods installation.\" >&2\n    exit 1\nfi\n";
			showEnvVarsInLog = 0;
		};
		4E8F3A9D7BEE5D0A813A4CA5 /* [CP] Check Pods Manifest.lock */ = {
			isa = PBXShellScriptBuildPhase;
			buildActionMask = 2147483647;
			files = (
			);
			inputPaths = (
			);
			name = "[CP] Check Pods Manifest.lock";
			outputPaths = (
			);
			runOnlyForDeploymentPostprocessing = 0;
			shellPath = /bin/sh;
			shellScript = "diff \"${PODS_ROOT}/../Podfile.lock\" \"${PODS_ROOT}/Manifest.lock\" > /dev/null\nif [ $? != 0 ] ; then\n    # print error to STDERR\n    echo \"error: The sandbox is not in sync with the Podfile.lock. Run 'pod install' or update your CocoaPods installation.\" >&2\n    exit 1\nfi\n";
			showEnvVarsInLog = 0;
		};
		5CBB0B4A601A518AA2B28AAF /* [CP] Embed Pods Frameworks */ = {
			isa = PBXShellScriptBuildPhase;
			buildActionMask = 2147483647;
			files = (
			);
			inputPaths = (
			);
			name = "[CP] Embed Pods Frameworks";
			outputPaths = (
			);
			runOnlyForDeploymentPostprocessing = 0;
			shellPath = /bin/sh;
			shellScript = "\"${SRCROOT}/Pods/Target Support Files/Pods-CocktailPartyUITests/Pods-CocktailPartyUITests-frameworks.sh\"\n";
			showEnvVarsInLog = 0;
		};
		63DCF5DF966CC860BB6F94E6 /* [CP] Copy Pods Resources */ = {
			isa = PBXShellScriptBuildPhase;
			buildActionMask = 2147483647;
			files = (
			);
			inputPaths = (
			);
			name = "[CP] Copy Pods Resources";
			outputPaths = (
			);
			runOnlyForDeploymentPostprocessing = 0;
			shellPath = /bin/sh;
			shellScript = "\"${SRCROOT}/Pods/Target Support Files/Pods-CocktailParty/Pods-CocktailParty-resources.sh\"\n";
			showEnvVarsInLog = 0;
		};
		66A5FEB3F5A9AD624007FA5C /* [CP] Copy Pods Resources */ = {
			isa = PBXShellScriptBuildPhase;
			buildActionMask = 2147483647;
			files = (
			);
			inputPaths = (
			);
			name = "[CP] Copy Pods Resources";
			outputPaths = (
			);
			runOnlyForDeploymentPostprocessing = 0;
			shellPath = /bin/sh;
			shellScript = "\"${SRCROOT}/Pods/Target Support Files/Pods-CocktailPartyTests/Pods-CocktailPartyTests-resources.sh\"\n";
			showEnvVarsInLog = 0;
		};
		9307D89434388C7E1AEECC2F /* [CP] Check Pods Manifest.lock */ = {
			isa = PBXShellScriptBuildPhase;
			buildActionMask = 2147483647;
			files = (
			);
			inputPaths = (
			);
			name = "[CP] Check Pods Manifest.lock";
			outputPaths = (
			);
			runOnlyForDeploymentPostprocessing = 0;
			shellPath = /bin/sh;
			shellScript = "diff \"${PODS_ROOT}/../Podfile.lock\" \"${PODS_ROOT}/Manifest.lock\" > /dev/null\nif [ $? != 0 ] ; then\n    # print error to STDERR\n    echo \"error: The sandbox is not in sync with the Podfile.lock. Run 'pod install' or update your CocoaPods installation.\" >&2\n    exit 1\nfi\n";
			showEnvVarsInLog = 0;
		};
		99B48516DEF04984262C51AA /* [CP] Embed Pods Frameworks */ = {
			isa = PBXShellScriptBuildPhase;
			buildActionMask = 2147483647;
			files = (
			);
			inputPaths = (
			);
			name = "[CP] Embed Pods Frameworks";
			outputPaths = (
			);
			runOnlyForDeploymentPostprocessing = 0;
			shellPath = /bin/sh;
			shellScript = "\"${SRCROOT}/Pods/Target Support Files/Pods-CocktailParty/Pods-CocktailParty-frameworks.sh\"\n";
			showEnvVarsInLog = 0;
		};
		BFA1ED795E87066F844B3901 /* [CP] Embed Pods Frameworks */ = {
			isa = PBXShellScriptBuildPhase;
			buildActionMask = 2147483647;
			files = (
			);
			inputPaths = (
			);
			name = "[CP] Embed Pods Frameworks";
			outputPaths = (
			);
			runOnlyForDeploymentPostprocessing = 0;
			shellPath = /bin/sh;
			shellScript = "\"${SRCROOT}/Pods/Target Support Files/Pods-CocktailPartyTests/Pods-CocktailPartyTests-frameworks.sh\"\n";
			showEnvVarsInLog = 0;
		};
		D33744438D16259B073E33E5 /* [CP] Copy Pods Resources */ = {
			isa = PBXShellScriptBuildPhase;
			buildActionMask = 2147483647;
			files = (
			);
			inputPaths = (
			);
			name = "[CP] Copy Pods Resources";
			outputPaths = (
			);
			runOnlyForDeploymentPostprocessing = 0;
			shellPath = /bin/sh;
			shellScript = "\"${SRCROOT}/Pods/Target Support Files/Pods-CocktailPartyUITests/Pods-CocktailPartyUITests-resources.sh\"\n";
			showEnvVarsInLog = 0;
		};
/* End PBXShellScriptBuildPhase section */

/* Begin PBXSourcesBuildPhase section */
		72880C5D1EB764C800EBADFB /* Sources */ = {
			isa = PBXSourcesBuildPhase;
			buildActionMask = 2147483647;
			files = (
				72880C691EB764C800EBADFB /* InfomationViewController.swift in Sources */,
				72880C651EB764C800EBADFB /* AppDelegate.swift in Sources */,
				38F03D551FB190B7009A4D12 /* OriginalTabBarController.swift in Sources */,
				72880C671EB764C800EBADFB /* CocktailListViewController.swift in Sources */,
				382BDC1B1FB2E88500EEAE45 /* NewCocktailViewController.swift in Sources */,
			);
			runOnlyForDeploymentPostprocessing = 0;
		};
		72880C731EB764C800EBADFB /* Sources */ = {
			isa = PBXSourcesBuildPhase;
			buildActionMask = 2147483647;
			files = (
				72880C7C1EB764C900EBADFB /* CocktailPartyTests.swift in Sources */,
			);
			runOnlyForDeploymentPostprocessing = 0;
		};
		72880C7E1EB764C900EBADFB /* Sources */ = {
			isa = PBXSourcesBuildPhase;
			buildActionMask = 2147483647;
			files = (
				72880C871EB764C900EBADFB /* CocktailPartyUITests.swift in Sources */,
			);
			runOnlyForDeploymentPostprocessing = 0;
		};
/* End PBXSourcesBuildPhase section */

/* Begin PBXTargetDependency section */
		72880C791EB764C800EBADFB /* PBXTargetDependency */ = {
			isa = PBXTargetDependency;
			target = 72880C601EB764C800EBADFB /* CocktailParty */;
			targetProxy = 72880C781EB764C800EBADFB /* PBXContainerItemProxy */;
		};
		72880C841EB764C900EBADFB /* PBXTargetDependency */ = {
			isa = PBXTargetDependency;
			target = 72880C601EB764C800EBADFB /* CocktailParty */;
			targetProxy = 72880C831EB764C900EBADFB /* PBXContainerItemProxy */;
		};
/* End PBXTargetDependency section */

/* Begin PBXVariantGroup section */
		72880C6A1EB764C800EBADFB /* Main.storyboard */ = {
			isa = PBXVariantGroup;
			children = (
				72880C6B1EB764C800EBADFB /* Base */,
			);
			name = Main.storyboard;
			sourceTree = "<group>";
		};
		72880C6F1EB764C800EBADFB /* LaunchScreen.storyboard */ = {
			isa = PBXVariantGroup;
			children = (
				72880C701EB764C800EBADFB /* Base */,
			);
			name = LaunchScreen.storyboard;
			sourceTree = "<group>";
		};
/* End PBXVariantGroup section */

/* Begin XCBuildConfiguration section */
		72880C891EB764C900EBADFB /* Debug */ = {
			isa = XCBuildConfiguration;
			buildSettings = {
				ALWAYS_SEARCH_USER_PATHS = NO;
				CLANG_ANALYZER_NONNULL = YES;
				CLANG_ANALYZER_NUMBER_OBJECT_CONVERSION = YES_AGGRESSIVE;
				CLANG_CXX_LANGUAGE_STANDARD = "gnu++0x";
				CLANG_CXX_LIBRARY = "libc++";
				CLANG_ENABLE_MODULES = YES;
				CLANG_ENABLE_OBJC_ARC = YES;
				CLANG_WARN_BOOL_CONVERSION = YES;
				CLANG_WARN_CONSTANT_CONVERSION = YES;
				CLANG_WARN_DIRECT_OBJC_ISA_USAGE = YES_ERROR;
				CLANG_WARN_DOCUMENTATION_COMMENTS = YES;
				CLANG_WARN_EMPTY_BODY = YES;
				CLANG_WARN_ENUM_CONVERSION = YES;
				CLANG_WARN_INFINITE_RECURSION = YES;
				CLANG_WARN_INT_CONVERSION = YES;
				CLANG_WARN_OBJC_ROOT_CLASS = YES_ERROR;
				CLANG_WARN_SUSPICIOUS_MOVE = YES;
				CLANG_WARN_UNREACHABLE_CODE = YES;
				CLANG_WARN__DUPLICATE_METHOD_MATCH = YES;
				"CODE_SIGN_IDENTITY[sdk=iphoneos*]" = "iPhone Developer";
				COPY_PHASE_STRIP = NO;
				DEBUG_INFORMATION_FORMAT = dwarf;
				ENABLE_STRICT_OBJC_MSGSEND = YES;
				ENABLE_TESTABILITY = YES;
				GCC_C_LANGUAGE_STANDARD = gnu99;
				GCC_DYNAMIC_NO_PIC = NO;
				GCC_NO_COMMON_BLOCKS = YES;
				GCC_OPTIMIZATION_LEVEL = 0;
				GCC_PREPROCESSOR_DEFINITIONS = (
					"DEBUG=1",
					"$(inherited)",
				);
				GCC_WARN_64_TO_32_BIT_CONVERSION = YES;
				GCC_WARN_ABOUT_RETURN_TYPE = YES_ERROR;
				GCC_WARN_UNDECLARED_SELECTOR = YES;
				GCC_WARN_UNINITIALIZED_AUTOS = YES_AGGRESSIVE;
				GCC_WARN_UNUSED_FUNCTION = YES;
				GCC_WARN_UNUSED_VARIABLE = YES;
				IPHONEOS_DEPLOYMENT_TARGET = 10.3;
				MTL_ENABLE_DEBUG_INFO = YES;
				ONLY_ACTIVE_ARCH = YES;
				SDKROOT = iphoneos;
				SWIFT_ACTIVE_COMPILATION_CONDITIONS = DEBUG;
				SWIFT_OPTIMIZATION_LEVEL = "-Onone";
				TARGETED_DEVICE_FAMILY = "1,2";
			};
			name = Debug;
		};
		72880C8A1EB764C900EBADFB /* Release */ = {
			isa = XCBuildConfiguration;
			buildSettings = {
				ALWAYS_SEARCH_USER_PATHS = NO;
				CLANG_ANALYZER_NONNULL = YES;
				CLANG_ANALYZER_NUMBER_OBJECT_CONVERSION = YES_AGGRESSIVE;
				CLANG_CXX_LANGUAGE_STANDARD = "gnu++0x";
				CLANG_CXX_LIBRARY = "libc++";
				CLANG_ENABLE_MODULES = YES;
				CLANG_ENABLE_OBJC_ARC = YES;
				CLANG_WARN_BOOL_CONVERSION = YES;
				CLANG_WARN_CONSTANT_CONVERSION = YES;
				CLANG_WARN_DIRECT_OBJC_ISA_USAGE = YES_ERROR;
				CLANG_WARN_DOCUMENTATION_COMMENTS = YES;
				CLANG_WARN_EMPTY_BODY = YES;
				CLANG_WARN_ENUM_CONVERSION = YES;
				CLANG_WARN_INFINITE_RECURSION = YES;
				CLANG_WARN_INT_CONVERSION = YES;
				CLANG_WARN_OBJC_ROOT_CLASS = YES_ERROR;
				CLANG_WARN_SUSPICIOUS_MOVE = YES;
				CLANG_WARN_UNREACHABLE_CODE = YES;
				CLANG_WARN__DUPLICATE_METHOD_MATCH = YES;
				"CODE_SIGN_IDENTITY[sdk=iphoneos*]" = "iPhone Developer";
				COPY_PHASE_STRIP = NO;
				DEBUG_INFORMATION_FORMAT = "dwarf-with-dsym";
				ENABLE_NS_ASSERTIONS = NO;
				ENABLE_STRICT_OBJC_MSGSEND = YES;
				GCC_C_LANGUAGE_STANDARD = gnu99;
				GCC_NO_COMMON_BLOCKS = YES;
				GCC_WARN_64_TO_32_BIT_CONVERSION = YES;
				GCC_WARN_ABOUT_RETURN_TYPE = YES_ERROR;
				GCC_WARN_UNDECLARED_SELECTOR = YES;
				GCC_WARN_UNINITIALIZED_AUTOS = YES_AGGRESSIVE;
				GCC_WARN_UNUSED_FUNCTION = YES;
				GCC_WARN_UNUSED_VARIABLE = YES;
				IPHONEOS_DEPLOYMENT_TARGET = 10.3;
				MTL_ENABLE_DEBUG_INFO = NO;
				SDKROOT = iphoneos;
				SWIFT_OPTIMIZATION_LEVEL = "-Owholemodule";
				TARGETED_DEVICE_FAMILY = "1,2";
				VALIDATE_PRODUCT = YES;
			};
			name = Release;
		};
		72880C8C1EB764C900EBADFB /* Debug */ = {
			isa = XCBuildConfiguration;
			baseConfigurationReference = 56EDCB99BA736CA406D53B6B /* Pods-CocktailParty.debug.xcconfig */;
			buildSettings = {
				ASSETCATALOG_COMPILER_APPICON_NAME = AppIcon;
				DEVELOPMENT_TEAM = 79BW4NWXHJ;
				INFOPLIST_FILE = CocktailParty/Info.plist;
				LD_RUNPATH_SEARCH_PATHS = "$(inherited) @executable_path/Frameworks";
				PRODUCT_BUNDLE_IDENTIFIER = com.wknar.CocktailParty;
				PRODUCT_NAME = "$(TARGET_NAME)";
				SWIFT_VERSION = 3.0;
			};
			name = Debug;
		};
		72880C8D1EB764C900EBADFB /* Release */ = {
			isa = XCBuildConfiguration;
			baseConfigurationReference = E26C2493D59F469E7E7813FD /* Pods-CocktailParty.release.xcconfig */;
			buildSettings = {
				ASSETCATALOG_COMPILER_APPICON_NAME = AppIcon;
				DEVELOPMENT_TEAM = 79BW4NWXHJ;
				INFOPLIST_FILE = CocktailParty/Info.plist;
				LD_RUNPATH_SEARCH_PATHS = "$(inherited) @executable_path/Frameworks";
				PRODUCT_BUNDLE_IDENTIFIER = com.wknar.CocktailParty;
				PRODUCT_NAME = "$(TARGET_NAME)";
				SWIFT_VERSION = 3.0;
			};
			name = Release;
		};
		72880C8F1EB764C900EBADFB /* Debug */ = {
			isa = XCBuildConfiguration;
			baseConfigurationReference = A4168D0EA454E67E39AFF846 /* Pods-CocktailPartyTests.debug.xcconfig */;
			buildSettings = {
				ALWAYS_EMBED_SWIFT_STANDARD_LIBRARIES = YES;
				BUNDLE_LOADER = "$(TEST_HOST)";
				DEVELOPMENT_TEAM = 79BW4NWXHJ;
				INFOPLIST_FILE = CocktailPartyTests/Info.plist;
				LD_RUNPATH_SEARCH_PATHS = "$(inherited) @executable_path/Frameworks @loader_path/Frameworks";
				PRODUCT_BUNDLE_IDENTIFIER = com.wknar.CocktailPartyTests;
				PRODUCT_NAME = "$(TARGET_NAME)";
				SWIFT_VERSION = 3.0;
				TEST_HOST = "$(BUILT_PRODUCTS_DIR)/CocktailParty.app/CocktailParty";
			};
			name = Debug;
		};
		72880C901EB764C900EBADFB /* Release */ = {
			isa = XCBuildConfiguration;
			baseConfigurationReference = 9A6E29000F43AC8E6613FC42 /* Pods-CocktailPartyTests.release.xcconfig */;
			buildSettings = {
				ALWAYS_EMBED_SWIFT_STANDARD_LIBRARIES = YES;
				BUNDLE_LOADER = "$(TEST_HOST)";
				DEVELOPMENT_TEAM = 79BW4NWXHJ;
				INFOPLIST_FILE = CocktailPartyTests/Info.plist;
				LD_RUNPATH_SEARCH_PATHS = "$(inherited) @executable_path/Frameworks @loader_path/Frameworks";
				PRODUCT_BUNDLE_IDENTIFIER = com.wknar.CocktailPartyTests;
				PRODUCT_NAME = "$(TARGET_NAME)";
				SWIFT_VERSION = 3.0;
				TEST_HOST = "$(BUILT_PRODUCTS_DIR)/CocktailParty.app/CocktailParty";
			};
			name = Release;
		};
		72880C921EB764C900EBADFB /* Debug */ = {
			isa = XCBuildConfiguration;
			baseConfigurationReference = 2C5E5F9533DF3E2BFEA28220 /* Pods-CocktailPartyUITests.debug.xcconfig */;
			buildSettings = {
				ALWAYS_EMBED_SWIFT_STANDARD_LIBRARIES = YES;
				DEVELOPMENT_TEAM = 79BW4NWXHJ;
				INFOPLIST_FILE = CocktailPartyUITests/Info.plist;
				LD_RUNPATH_SEARCH_PATHS = "$(inherited) @executable_path/Frameworks @loader_path/Frameworks";
				PRODUCT_BUNDLE_IDENTIFIER = com.wknar.CocktailPartyUITests;
				PRODUCT_NAME = "$(TARGET_NAME)";
				SWIFT_VERSION = 3.0;
				TEST_TARGET_NAME = CocktailParty;
			};
			name = Debug;
		};
		72880C931EB764C900EBADFB /* Release */ = {
			isa = XCBuildConfiguration;
			baseConfigurationReference = 2DC45B30575DBC8AD3E0FE67 /* Pods-CocktailPartyUITests.release.xcconfig */;
			buildSettings = {
				ALWAYS_EMBED_SWIFT_STANDARD_LIBRARIES = YES;
				DEVELOPMENT_TEAM = 79BW4NWXHJ;
				INFOPLIST_FILE = CocktailPartyUITests/Info.plist;
				LD_RUNPATH_SEARCH_PATHS = "$(inherited) @executable_path/Frameworks @loader_path/Frameworks";
				PRODUCT_BUNDLE_IDENTIFIER = com.wknar.CocktailPartyUITests;
				PRODUCT_NAME = "$(TARGET_NAME)";
				SWIFT_VERSION = 3.0;
				TEST_TARGET_NAME = CocktailParty;
			};
			name = Release;
		};
/* End XCBuildConfiguration section */

/* Begin XCConfigurationList section */
		72880C5C1EB764C800EBADFB /* Build configuration list for PBXProject "CocktailParty" */ = {
			isa = XCConfigurationList;
			buildConfigurations = (
				72880C891EB764C900EBADFB /* Debug */,
				72880C8A1EB764C900EBADFB /* Release */,
			);
			defaultConfigurationIsVisible = 0;
			defaultConfigurationName = Release;
		};
		72880C8B1EB764C900EBADFB /* Build configuration list for PBXNativeTarget "CocktailParty" */ = {
			isa = XCConfigurationList;
			buildConfigurations = (
				72880C8C1EB764C900EBADFB /* Debug */,
				72880C8D1EB764C900EBADFB /* Release */,
			);
			defaultConfigurationIsVisible = 0;
			defaultConfigurationName = Release;
		};
		72880C8E1EB764C900EBADFB /* Build configuration list for PBXNativeTarget "CocktailPartyTests" */ = {
			isa = XCConfigurationList;
			buildConfigurations = (
				72880C8F1EB764C900EBADFB /* Debug */,
				72880C901EB764C900EBADFB /* Release */,
			);
			defaultConfigurationIsVisible = 0;
			defaultConfigurationName = Release;
		};
		72880C911EB764C900EBADFB /* Build configuration list for PBXNativeTarget "CocktailPartyUITests" */ = {
			isa = XCConfigurationList;
			buildConfigurations = (
				72880C921EB764C900EBADFB /* Debug */,
				72880C931EB764C900EBADFB /* Release */,
			);
			defaultConfigurationIsVisible = 0;
			defaultConfigurationName = Release;
		};
/* End XCConfigurationList section */
	};
	rootObject = 72880C591EB764C800EBADFB /* Project object */;
}
